
Microsoft Visual Studio Solution File, Format Version 12.00
# Visual Studio Version 17
VisualStudioVersion = 17.8.34330.188
MinimumVisualStudioVersion = 10.0.40219.1
Project("{FAE04EC0-301F-11D3-BF4B-00C04F79EFBC}") = "Corrida", "Corrida\Corrida.csproj", "{9E3A5DB3-8753-4C0C-ACEF-954C562CA0A3}"
EndProject
Global
	GlobalSection(SolutionConfigurationPlatforms) = preSolution
		Debug|Any CPU = Debug|Any CPU
		Release|Any CPU = Release|Any CPU
	EndGlobalSection
	GlobalSection(ProjectConfigurationPlatforms) = postSolution
		{9E3A5DB3-8753-4C0C-ACEF-954C562CA0A3}.Debug|Any CPU.ActiveCfg = Debug|Any CPU
		{9E3A5DB3-8753-4C0C-ACEF-954C562CA0A3}.Debug|Any CPU.Build.0 = Debug|Any CPU
		{9E3A5DB3-8753-4C0C-ACEF-954C562CA0A3}.Release|Any CPU.ActiveCfg = Release|Any CPU
		{9E3A5DB3-8753-4C0C-ACEF-954C562CA0A3}.Release|Any CPU.Build.0 = Release|Any CPU
	EndGlobalSection
	GlobalSection(SolutionProperties) = preSolution
		HideSolutionNode = FALSE
	EndGlobalSection
	GlobalSection(ExtensibilityGlobals) = postSolution
		SolutionGuid = {41FFEA87-7FAD-4853-8714-2C41D3AD93C9}
	EndGlobalSection
EndGlobal
