
Microsoft Visual Studio Solution File, Format Version 12.00
# Visual Studio Version 17
VisualStudioVersion = 17.8.34330.188
MinimumVisualStudioVersion = 10.0.40219.1
Project("{FAE04EC0-301F-11D3-BF4B-00C04F79EFBC}") = "Notas", "Notas\Notas.csproj", "{77D0153D-130F-4820-96E1-7B4013BB6769}"
EndProject
Global
	GlobalSection(SolutionConfigurationPlatforms) = preSolution
		Debug|Any CPU = Debug|Any CPU
		Release|Any CPU = Release|Any CPU
	EndGlobalSection
	GlobalSection(ProjectConfigurationPlatforms) = postSolution
		{77D0153D-130F-4820-96E1-7B4013BB6769}.Debug|Any CPU.ActiveCfg = Debug|Any CPU
		{77D0153D-130F-4820-96E1-7B4013BB6769}.Debug|Any CPU.Build.0 = Debug|Any CPU
		{77D0153D-130F-4820-96E1-7B4013BB6769}.Release|Any CPU.ActiveCfg = Release|Any CPU
		{77D0153D-130F-4820-96E1-7B4013BB6769}.Release|Any CPU.Build.0 = Release|Any CPU
	EndGlobalSection
	GlobalSection(SolutionProperties) = preSolution
		HideSolutionNode = FALSE
	EndGlobalSection
	GlobalSection(ExtensibilityGlobals) = postSolution
		SolutionGuid = {F473622B-3D1D-4804-A769-89F3D39C4290}
	EndGlobalSection
EndGlobal
